
Microsoft Visual Studio Solution File, Format Version 12.00
# Visual Studio Version 16
VisualStudioVersion = 16.0.30002.166
MinimumVisualStudioVersion = 10.0.40219.1
Project("{9A19103F-16F7-4668-BE54-9A1E7A4F7556}") = "Cake.Issues.DupFinder", "Cake.Issues.DupFinder\Cake.Issues.DupFinder.csproj", "{11CE5F92-4901-4AFF-A470-62664ABD986B}"
EndProject
Project("{FAE04EC0-301F-11D3-BF4B-00C04F79EFBC}") = "Cake.Issues.DupFinder.Tests", "Cake.Issues.DupFinder.Tests\Cake.Issues.DupFinder.Tests.csproj", "{6AB9A78B-0B02-490B-9100-F331559E8CBD}"
EndProject
Global
	GlobalSection(SolutionConfigurationPlatforms) = preSolution
		Debug|Any CPU = Debug|Any CPU
		Release|Any CPU = Release|Any CPU
	EndGlobalSection
	GlobalSection(ProjectConfigurationPlatforms) = postSolution
		{11CE5F92-4901-4AFF-A470-62664ABD986B}.Debug|Any CPU.ActiveCfg = Debug|Any CPU
		{11CE5F92-4901-4AFF-A470-62664ABD986B}.Debug|Any CPU.Build.0 = Debug|Any CPU
		{11CE5F92-4901-4AFF-A470-62664ABD986B}.Release|Any CPU.ActiveCfg = Release|Any CPU
		{11CE5F92-4901-4AFF-A470-62664ABD986B}.Release|Any CPU.Build.0 = Release|Any CPU
		{6AB9A78B-0B02-490B-9100-F331559E8CBD}.Debug|Any CPU.ActiveCfg = Debug|Any CPU
		{6AB9A78B-0B02-490B-9100-F331559E8CBD}.Debug|Any CPU.Build.0 = Debug|Any CPU
		{6AB9A78B-0B02-490B-9100-F331559E8CBD}.Release|Any CPU.ActiveCfg = Release|Any CPU
		{6AB9A78B-0B02-490B-9100-F331559E8CBD}.Release|Any CPU.Build.0 = Release|Any CPU
	EndGlobalSection
	GlobalSection(SolutionProperties) = preSolution
		HideSolutionNode = FALSE
	EndGlobalSection
	GlobalSection(ExtensibilityGlobals) = postSolution
		SolutionGuid = {2FFDA8E4-39B1-48D7-93B0-96FB0A73F33D}
	EndGlobalSection
EndGlobal
